// !$*UTF8*$!
{
	archiveVersion = 1;
	classes = {
	};
	objectVersion = 54;
	objects = {

/* Begin PBXBuildFile section */
		00E356F31AD99517003FC87E /* KaynchiTests.m in Sources */ = {isa = PBXBuildFile; fileRef = 00E356F21AD99517003FC87E /* KaynchiTests.m */; };
		0724DFD3549F4D8B8610A108 /* GOTHIC.TTF in Resources */ = {isa = PBXBuildFile; fileRef = C58F2E6F76CE4BB28CC0B415 /* GOTHIC.TTF */; };
		09B36B295C13480D92AD6D56 /* hk-grotesk.medium.ttf in Resources */ = {isa = PBXBuildFile; fileRef = 0559298A69C44B2FB31D3839 /* hk-grotesk.medium.ttf */; };
		0E2C3958DFA14232A36EBF6C /* DMSans-Regular.ttf in Resources */ = {isa = PBXBuildFile; fileRef = A37D54793AC64C7EAFDB58B9 /* DMSans-Regular.ttf */; };
		0FED899B048D43A7BE9E1F2F /* Roboto-BlackItalic.ttf in Resources */ = {isa = PBXBuildFile; fileRef = BBCDF5203CF34F4E98041599 /* Roboto-BlackItalic.ttf */; };
		13B07FBC1A68108700A75B9A /* AppDelegate.m in Sources */ = {isa = PBXBuildFile; fileRef = 13B07FB01A68108700A75B9A /* AppDelegate.m */; };
		13B07FBF1A68108700A75B9A /* Images.xcassets in Resources */ = {isa = PBXBuildFile; fileRef = 13B07FB51A68108700A75B9A /* Images.xcassets */; };
		13B07FC11A68108700A75B9A /* main.m in Sources */ = {isa = PBXBuildFile; fileRef = 13B07FB71A68108700A75B9A /* main.m */; };
		14F6A49B52194D9B80E59DDC /* hk-grotesk.semibold.ttf in Resources */ = {isa = PBXBuildFile; fileRef = B458CCE310D4476891E724EB /* hk-grotesk.semibold.ttf */; };
		1A1D2013327F420FBCB68271 /* hk-grotesk.bold.ttf in Resources */ = {isa = PBXBuildFile; fileRef = C8DF408794B64F94873FEAD8 /* hk-grotesk.bold.ttf */; };
		207F37984B16408A844AF844 /* GOTHICBI.TTF in Resources */ = {isa = PBXBuildFile; fileRef = 3CC8AC882EBE42409E8C0908 /* GOTHICBI.TTF */; };
		24F521A64B074517858EC5EE /* Roboto-Medium.ttf in Resources */ = {isa = PBXBuildFile; fileRef = C83D482146864C5AA075E2B3 /* Roboto-Medium.ttf */; };
		2AB252EB3EE549B4851B49F9 /* DMSans-BoldItalic.ttf in Resources */ = {isa = PBXBuildFile; fileRef = 55B43388267E4ABFACC9183C /* DMSans-BoldItalic.ttf */; };
		2F8013B7032542EA9C807438 /* DMSans-MediumItalic.ttf in Resources */ = {isa = PBXBuildFile; fileRef = AB3D4FDDC2AE49C48EBB190B /* DMSans-MediumItalic.ttf */; };
		2FCE451BAE2939A3871F6A4C /* libPods-Kaynchi-KaynchiTests.a in Frameworks */ = {isa = PBXBuildFile; fileRef = 4895486C51D9381A3E792B22 /* libPods-Kaynchi-KaynchiTests.a */; };
		3058C1C2AD3A46DD967EF37B /* CenturyGothic.ttf in Resources */ = {isa = PBXBuildFile; fileRef = 7E75D10798004B55A4CB0029 /* CenturyGothic.ttf */; };
		338477C5A7C143978808AD63 /* Roboto-Thin.ttf in Resources */ = {isa = PBXBuildFile; fileRef = 89C9F0D00976475DB2238C64 /* Roboto-Thin.ttf */; };
		358347C9C7A5446187DCF3F1 /* hk-grotesk.italic.ttf in Resources */ = {isa = PBXBuildFile; fileRef = 863C1A7C07304CDA88239A62 /* hk-grotesk.italic.ttf */; };
		3A082853C42C4348BD6F933D /* Roboto-Black.ttf in Resources */ = {isa = PBXBuildFile; fileRef = FFA9E59FA9C9458181A1367A /* Roboto-Black.ttf */; };
		4B18939507A6450ABA69E8AD /* hk-grotesk.regular.ttf in Resources */ = {isa = PBXBuildFile; fileRef = 7C39106336EA4CFBBD0D2D94 /* hk-grotesk.regular.ttf */; };
		4F5103D49D8A46D8BB9E4C4E /* hk-grotesk.bold-italic.ttf in Resources */ = {isa = PBXBuildFile; fileRef = EA40561C6B71461484C53D01 /* hk-grotesk.bold-italic.ttf */; };
		537CAE0511B84F54BECE0679 /* Roboto-LightItalic.ttf in Resources */ = {isa = PBXBuildFile; fileRef = 5770554714EB4028A964FCD6 /* Roboto-LightItalic.ttf */; };
		56226059CF5E425EAC529B38 /* MyriadProRegular.ttf in Resources */ = {isa = PBXBuildFile; fileRef = 6E5FB946FCA5427E942C6BE1 /* MyriadProRegular.ttf */; };
		5E98FA187A99414E9B581090 /* SEGOEUI.TTF in Resources */ = {isa = PBXBuildFile; fileRef = 4BE010BCCB444B1F8C354E69 /* SEGOEUI.TTF */; };
		610EA5FF795E4FDCAE8EA9ED /* Roboto-Light.ttf in Resources */ = {isa = PBXBuildFile; fileRef = 4F024F7EB5A040B9B523C2D4 /* Roboto-Light.ttf */; };
		67346CC42EC74861A55C91D3 /* hk-grotesk.light-italic.ttf in Resources */ = {isa = PBXBuildFile; fileRef = A17D26C1C7E14C758C07AA11 /* hk-grotesk.light-italic.ttf */; };
		7463FDA20B1443F1B04ABA40 /* GOTHICB0.TTF in Resources */ = {isa = PBXBuildFile; fileRef = 6F01A802402749969C1C8D64 /* GOTHICB0.TTF */; };
		773B5B43FF02468B985A5EBC /* Roboto-ThinItalic.ttf in Resources */ = {isa = PBXBuildFile; fileRef = FEFCEEC5BD8E467FAA07C3D5 /* Roboto-ThinItalic.ttf */; };
		7B7C6ABF7378F5A2A328AEC0 /* libPods-Kaynchi.a in Frameworks */ = {isa = PBXBuildFile; fileRef = 1C2E2FFBC7B97F8A10D2BDEA /* libPods-Kaynchi.a */; };
		81AB9BB82411601600AC10FF /* LaunchScreen.storyboard in Resources */ = {isa = PBXBuildFile; fileRef = 81AB9BB72411601600AC10FF /* LaunchScreen.storyboard */; };
		8F8EF42EE68646D2A9B57126 /* DMSans-Medium.ttf in Resources */ = {isa = PBXBuildFile; fileRef = 4AB6C141B86445E4B8670A8D /* DMSans-Medium.ttf */; };
		A20B5C07402D4DA1B22378DD /* Roboto-MediumItalic.ttf in Resources */ = {isa = PBXBuildFile; fileRef = 6A9834A23B434B2FB19E47F8 /* Roboto-MediumItalic.ttf */; };
		B011BD16563541C98E1A42F0 /* hk-grotesk.medium-italic.ttf in Resources */ = {isa = PBXBuildFile; fileRef = 5D02522E4D754D33B192519B /* hk-grotesk.medium-italic.ttf */; };
		B93466A24BAD49059AEF1937 /* hk-grotesk.light.ttf in Resources */ = {isa = PBXBuildFile; fileRef = 4EC71A3C04DD43CBB943E576 /* hk-grotesk.light.ttf */; };
		BD5ACE3B7ECB488EA4EEE840 /* Roboto-Bold.ttf in Resources */ = {isa = PBXBuildFile; fileRef = 0E75565D12094409A2E90506 /* Roboto-Bold.ttf */; };
		BF17CFC88F994699BDD174EC /* Roboto-Italic.ttf in Resources */ = {isa = PBXBuildFile; fileRef = F14A0633102240CEA77B519D /* Roboto-Italic.ttf */; };
		C1C9AE7EA1EC4D62BF46CC52 /* hk-grotesk.semibold-italic.ttf in Resources */ = {isa = PBXBuildFile; fileRef = 23DB5A4E403448F9AB198DBA /* hk-grotesk.semibold-italic.ttf */; };
		C22238477EBA4B85BB8D47D9 /* Roboto-Regular.ttf in Resources */ = {isa = PBXBuildFile; fileRef = 202D5F0FC1434EA28F1A7D41 /* Roboto-Regular.ttf */; };
		CBC1214F21E54A2A9C361E73 /* GOTHICB.TTF in Resources */ = {isa = PBXBuildFile; fileRef = C0F45EB5D3674347B89C9408 /* GOTHICB.TTF */; };
		D8A20FAB4CEB4DA486AF0603 /* DMSans-Bold.ttf in Resources */ = {isa = PBXBuildFile; fileRef = 68BE5AC5CB0C42028AD8ADD1 /* DMSans-Bold.ttf */; };
		E5336DDDEACB417E891ED9D0 /* DMSans-Italic.ttf in Resources */ = {isa = PBXBuildFile; fileRef = DC6D0F222F924BF88A4B4F31 /* DMSans-Italic.ttf */; };
		E64062FD3A4A41E7B2BCE1C7 /* Roboto-BoldItalic.ttf in Resources */ = {isa = PBXBuildFile; fileRef = 360D3D2DF692486087568E88 /* Roboto-BoldItalic.ttf */; };
		EC35AB13F9C44D9CA2F89B68 /* Century Gothic.ttf in Resources */ = {isa = PBXBuildFile; fileRef = 30F712D5453347BB8FB3395E /* Century Gothic.ttf */; };
		F55D22FD44324BB4AFC53742 /* GOTHICI.TTF in Resources */ = {isa = PBXBuildFile; fileRef = FA02CDC4F2334F0F8C35D6F9 /* GOTHICI.TTF */; };
/* End PBXBuildFile section */

/* Begin PBXContainerItemProxy section */
		00E356F41AD99517003FC87E /* PBXContainerItemProxy */ = {
			isa = PBXContainerItemProxy;
			containerPortal = 83CBB9F71A601CBA00E9B192 /* Project object */;
			proxyType = 1;
			remoteGlobalIDString = 13B07F861A680F5B00A75B9A;
			remoteInfo = Kaynchi;
		};
/* End PBXContainerItemProxy section */

/* Begin PBXFileReference section */
		00E356EE1AD99517003FC87E /* KaynchiTests.xctest */ = {isa = PBXFileReference; explicitFileType = wrapper.cfbundle; includeInIndex = 0; path = KaynchiTests.xctest; sourceTree = BUILT_PRODUCTS_DIR; };
		00E356F11AD99517003FC87E /* Info.plist */ = {isa = PBXFileReference; lastKnownFileType = text.plist.xml; path = Info.plist; sourceTree = "<group>"; };
		00E356F21AD99517003FC87E /* KaynchiTests.m */ = {isa = PBXFileReference; lastKnownFileType = sourcecode.c.objc; path = KaynchiTests.m; sourceTree = "<group>"; };
		051303A131D1BCD2EF71E4E9 /* Pods-Kaynchi.release.xcconfig */ = {isa = PBXFileReference; includeInIndex = 1; lastKnownFileType = text.xcconfig; name = "Pods-Kaynchi.release.xcconfig"; path = "Target Support Files/Pods-Kaynchi/Pods-Kaynchi.release.xcconfig"; sourceTree = "<group>"; };
		0559298A69C44B2FB31D3839 /* hk-grotesk.medium.ttf */ = {isa = PBXFileReference; explicitFileType = undefined; fileEncoding = 9; includeInIndex = 0; lastKnownFileType = unknown; name = "hk-grotesk.medium.ttf"; path = "../src/assets/fonts/hk-grotesk.medium.ttf"; sourceTree = "<group>"; };
		0E75565D12094409A2E90506 /* Roboto-Bold.ttf */ = {isa = PBXFileReference; explicitFileType = undefined; fileEncoding = 9; includeInIndex = 0; lastKnownFileType = unknown; name = "Roboto-Bold.ttf"; path = "../src/assets/fonts/Roboto-Bold.ttf"; sourceTree = "<group>"; };
		13B07F961A680F5B00A75B9A /* Kaynchi.app */ = {isa = PBXFileReference; explicitFileType = wrapper.application; includeInIndex = 0; path = Kaynchi.app; sourceTree = BUILT_PRODUCTS_DIR; };
		13B07FAF1A68108700A75B9A /* AppDelegate.h */ = {isa = PBXFileReference; fileEncoding = 4; lastKnownFileType = sourcecode.c.h; name = AppDelegate.h; path = Kaynchi/AppDelegate.h; sourceTree = "<group>"; };
		13B07FB01A68108700A75B9A /* AppDelegate.m */ = {isa = PBXFileReference; fileEncoding = 4; lastKnownFileType = sourcecode.c.objc; name = AppDelegate.m; path = Kaynchi/AppDelegate.m; sourceTree = "<group>"; };
		13B07FB51A68108700A75B9A /* Images.xcassets */ = {isa = PBXFileReference; lastKnownFileType = folder.assetcatalog; name = Images.xcassets; path = Kaynchi/Images.xcassets; sourceTree = "<group>"; };
		13B07FB61A68108700A75B9A /* Info.plist */ = {isa = PBXFileReference; fileEncoding = 4; lastKnownFileType = text.plist.xml; name = Info.plist; path = Kaynchi/Info.plist; sourceTree = "<group>"; };
		13B07FB71A68108700A75B9A /* main.m */ = {isa = PBXFileReference; fileEncoding = 4; lastKnownFileType = sourcecode.c.objc; name = main.m; path = Kaynchi/main.m; sourceTree = "<group>"; };
		156CB708029E5B6D5DF04DB0 /* Pods-Kaynchi-KaynchiTests.release.xcconfig */ = {isa = PBXFileReference; includeInIndex = 1; lastKnownFileType = text.xcconfig; name = "Pods-Kaynchi-KaynchiTests.release.xcconfig"; path = "Target Support Files/Pods-Kaynchi-KaynchiTests/Pods-Kaynchi-KaynchiTests.release.xcconfig"; sourceTree = "<group>"; };
		1C2E2FFBC7B97F8A10D2BDEA /* libPods-Kaynchi.a */ = {isa = PBXFileReference; explicitFileType = archive.ar; includeInIndex = 0; path = "libPods-Kaynchi.a"; sourceTree = BUILT_PRODUCTS_DIR; };
		202D5F0FC1434EA28F1A7D41 /* Roboto-Regular.ttf */ = {isa = PBXFileReference; explicitFileType = undefined; fileEncoding = 9; includeInIndex = 0; lastKnownFileType = unknown; name = "Roboto-Regular.ttf"; path = "../src/assets/fonts/Roboto-Regular.ttf"; sourceTree = "<group>"; };
		23DB5A4E403448F9AB198DBA /* hk-grotesk.semibold-italic.ttf */ = {isa = PBXFileReference; explicitFileType = undefined; fileEncoding = 9; includeInIndex = 0; lastKnownFileType = unknown; name = "hk-grotesk.semibold-italic.ttf"; path = "../src/assets/fonts/hk-grotesk.semibold-italic.ttf"; sourceTree = "<group>"; };
		30F712D5453347BB8FB3395E /* Century Gothic.ttf */ = {isa = PBXFileReference; explicitFileType = undefined; fileEncoding = 9; includeInIndex = 0; lastKnownFileType = unknown; name = "Century Gothic.ttf"; path = "../src/assets/fonts/Century Gothic.ttf"; sourceTree = "<group>"; };
		360D3D2DF692486087568E88 /* Roboto-BoldItalic.ttf */ = {isa = PBXFileReference; explicitFileType = undefined; fileEncoding = 9; includeInIndex = 0; lastKnownFileType = unknown; name = "Roboto-BoldItalic.ttf"; path = "../src/assets/fonts/Roboto-BoldItalic.ttf"; sourceTree = "<group>"; };
		3CC8AC882EBE42409E8C0908 /* GOTHICBI.TTF */ = {isa = PBXFileReference; explicitFileType = undefined; fileEncoding = 9; includeInIndex = 0; lastKnownFileType = unknown; name = GOTHICBI.TTF; path = ../src/assets/fonts/GOTHICBI.TTF; sourceTree = "<group>"; };
		4895486C51D9381A3E792B22 /* libPods-Kaynchi-KaynchiTests.a */ = {isa = PBXFileReference; explicitFileType = archive.ar; includeInIndex = 0; path = "libPods-Kaynchi-KaynchiTests.a"; sourceTree = BUILT_PRODUCTS_DIR; };
		4AB6C141B86445E4B8670A8D /* DMSans-Medium.ttf */ = {isa = PBXFileReference; explicitFileType = undefined; fileEncoding = 9; includeInIndex = 0; lastKnownFileType = unknown; name = "DMSans-Medium.ttf"; path = "../src/assets/fonts/DMSans-Medium.ttf"; sourceTree = "<group>"; };
		4BE010BCCB444B1F8C354E69 /* SEGOEUI.TTF */ = {isa = PBXFileReference; explicitFileType = undefined; fileEncoding = 9; includeInIndex = 0; lastKnownFileType = unknown; name = SEGOEUI.TTF; path = ../src/assets/fonts/SEGOEUI.TTF; sourceTree = "<group>"; };
		4EC71A3C04DD43CBB943E576 /* hk-grotesk.light.ttf */ = {isa = PBXFileReference; explicitFileType = undefined; fileEncoding = 9; includeInIndex = 0; lastKnownFileType = unknown; name = "hk-grotesk.light.ttf"; path = "../src/assets/fonts/hk-grotesk.light.ttf"; sourceTree = "<group>"; };
		4F024F7EB5A040B9B523C2D4 /* Roboto-Light.ttf */ = {isa = PBXFileReference; explicitFileType = undefined; fileEncoding = 9; includeInIndex = 0; lastKnownFileType = unknown; name = "Roboto-Light.ttf"; path = "../src/assets/fonts/Roboto-Light.ttf"; sourceTree = "<group>"; };
		55B43388267E4ABFACC9183C /* DMSans-BoldItalic.ttf */ = {isa = PBXFileReference; explicitFileType = undefined; fileEncoding = 9; includeInIndex = 0; lastKnownFileType = unknown; name = "DMSans-BoldItalic.ttf"; path = "../src/assets/fonts/DMSans-BoldItalic.ttf"; sourceTree = "<group>"; };
		5770554714EB4028A964FCD6 /* Roboto-LightItalic.ttf */ = {isa = PBXFileReference; explicitFileType = undefined; fileEncoding = 9; includeInIndex = 0; lastKnownFileType = unknown; name = "Roboto-LightItalic.ttf"; path = "../src/assets/fonts/Roboto-LightItalic.ttf"; sourceTree = "<group>"; };
		5D02522E4D754D33B192519B /* hk-grotesk.medium-italic.ttf */ = {isa = PBXFileReference; explicitFileType = undefined; fileEncoding = 9; includeInIndex = 0; lastKnownFileType = unknown; name = "hk-grotesk.medium-italic.ttf"; path = "../src/assets/fonts/hk-grotesk.medium-italic.ttf"; sourceTree = "<group>"; };
		68BE5AC5CB0C42028AD8ADD1 /* DMSans-Bold.ttf */ = {isa = PBXFileReference; explicitFileType = undefined; fileEncoding = 9; includeInIndex = 0; lastKnownFileType = unknown; name = "DMSans-Bold.ttf"; path = "../src/assets/fonts/DMSans-Bold.ttf"; sourceTree = "<group>"; };
		6A9834A23B434B2FB19E47F8 /* Roboto-MediumItalic.ttf */ = {isa = PBXFileReference; explicitFileType = undefined; fileEncoding = 9; includeInIndex = 0; lastKnownFileType = unknown; name = "Roboto-MediumItalic.ttf"; path = "../src/assets/fonts/Roboto-MediumItalic.ttf"; sourceTree = "<group>"; };
		6E5FB946FCA5427E942C6BE1 /* MyriadProRegular.ttf */ = {isa = PBXFileReference; explicitFileType = undefined; fileEncoding = 9; includeInIndex = 0; lastKnownFileType = unknown; name = MyriadProRegular.ttf; path = ../src/assets/fonts/MyriadProRegular.ttf; sourceTree = "<group>"; };
		6F01A802402749969C1C8D64 /* GOTHICB0.TTF */ = {isa = PBXFileReference; explicitFileType = undefined; fileEncoding = 9; includeInIndex = 0; lastKnownFileType = unknown; name = GOTHICB0.TTF; path = ../src/assets/fonts/GOTHICB0.TTF; sourceTree = "<group>"; };
		7C39106336EA4CFBBD0D2D94 /* hk-grotesk.regular.ttf */ = {isa = PBXFileReference; explicitFileType = undefined; fileEncoding = 9; includeInIndex = 0; lastKnownFileType = unknown; name = "hk-grotesk.regular.ttf"; path = "../src/assets/fonts/hk-grotesk.regular.ttf"; sourceTree = "<group>"; };
		7E75D10798004B55A4CB0029 /* CenturyGothic.ttf */ = {isa = PBXFileReference; explicitFileType = undefined; fileEncoding = 9; includeInIndex = 0; lastKnownFileType = unknown; name = CenturyGothic.ttf; path = ../src/assets/fonts/CenturyGothic.ttf; sourceTree = "<group>"; };
		81AB9BB72411601600AC10FF /* LaunchScreen.storyboard */ = {isa = PBXFileReference; fileEncoding = 4; lastKnownFileType = file.storyboard; name = LaunchScreen.storyboard; path = Kaynchi/LaunchScreen.storyboard; sourceTree = "<group>"; };
		863C1A7C07304CDA88239A62 /* hk-grotesk.italic.ttf */ = {isa = PBXFileReference; explicitFileType = undefined; fileEncoding = 9; includeInIndex = 0; lastKnownFileType = unknown; name = "hk-grotesk.italic.ttf"; path = "../src/assets/fonts/hk-grotesk.italic.ttf"; sourceTree = "<group>"; };
		89C9F0D00976475DB2238C64 /* Roboto-Thin.ttf */ = {isa = PBXFileReference; explicitFileType = undefined; fileEncoding = 9; includeInIndex = 0; lastKnownFileType = unknown; name = "Roboto-Thin.ttf"; path = "../src/assets/fonts/Roboto-Thin.ttf"; sourceTree = "<group>"; };
		A17D26C1C7E14C758C07AA11 /* hk-grotesk.light-italic.ttf */ = {isa = PBXFileReference; explicitFileType = undefined; fileEncoding = 9; includeInIndex = 0; lastKnownFileType = unknown; name = "hk-grotesk.light-italic.ttf"; path = "../src/assets/fonts/hk-grotesk.light-italic.ttf"; sourceTree = "<group>"; };
		A37D54793AC64C7EAFDB58B9 /* DMSans-Regular.ttf */ = {isa = PBXFileReference; explicitFileType = undefined; fileEncoding = 9; includeInIndex = 0; lastKnownFileType = unknown; name = "DMSans-Regular.ttf"; path = "../src/assets/fonts/DMSans-Regular.ttf"; sourceTree = "<group>"; };
		A410F15914544F58A69352F2 /* Pods-Kaynchi-KaynchiTests.debug.xcconfig */ = {isa = PBXFileReference; includeInIndex = 1; lastKnownFileType = text.xcconfig; name = "Pods-Kaynchi-KaynchiTests.debug.xcconfig"; path = "Target Support Files/Pods-Kaynchi-KaynchiTests/Pods-Kaynchi-KaynchiTests.debug.xcconfig"; sourceTree = "<group>"; };
		AB3D4FDDC2AE49C48EBB190B /* DMSans-MediumItalic.ttf */ = {isa = PBXFileReference; explicitFileType = undefined; fileEncoding = 9; includeInIndex = 0; lastKnownFileType = unknown; name = "DMSans-MediumItalic.ttf"; path = "../src/assets/fonts/DMSans-MediumItalic.ttf"; sourceTree = "<group>"; };
		B458CCE310D4476891E724EB /* hk-grotesk.semibold.ttf */ = {isa = PBXFileReference; explicitFileType = undefined; fileEncoding = 9; includeInIndex = 0; lastKnownFileType = unknown; name = "hk-grotesk.semibold.ttf"; path = "../src/assets/fonts/hk-grotesk.semibold.ttf"; sourceTree = "<group>"; };
		BBCDF5203CF34F4E98041599 /* Roboto-BlackItalic.ttf */ = {isa = PBXFileReference; explicitFileType = undefined; fileEncoding = 9; includeInIndex = 0; lastKnownFileType = unknown; name = "Roboto-BlackItalic.ttf"; path = "../src/assets/fonts/Roboto-BlackItalic.ttf"; sourceTree = "<group>"; };
		C0F45EB5D3674347B89C9408 /* GOTHICB.TTF */ = {isa = PBXFileReference; explicitFileType = undefined; fileEncoding = 9; includeInIndex = 0; lastKnownFileType = unknown; name = GOTHICB.TTF; path = ../src/assets/fonts/GOTHICB.TTF; sourceTree = "<group>"; };
		C58F2E6F76CE4BB28CC0B415 /* GOTHIC.TTF */ = {isa = PBXFileReference; explicitFileType = undefined; fileEncoding = 9; includeInIndex = 0; lastKnownFileType = unknown; name = GOTHIC.TTF; path = ../src/assets/fonts/GOTHIC.TTF; sourceTree = "<group>"; };
		C83D482146864C5AA075E2B3 /* Roboto-Medium.ttf */ = {isa = PBXFileReference; explicitFileType = undefined; fileEncoding = 9; includeInIndex = 0; lastKnownFileType = unknown; name = "Roboto-Medium.ttf"; path = "../src/assets/fonts/Roboto-Medium.ttf"; sourceTree = "<group>"; };
		C8DF408794B64F94873FEAD8 /* hk-grotesk.bold.ttf */ = {isa = PBXFileReference; explicitFileType = undefined; fileEncoding = 9; includeInIndex = 0; lastKnownFileType = unknown; name = "hk-grotesk.bold.ttf"; path = "../src/assets/fonts/hk-grotesk.bold.ttf"; sourceTree = "<group>"; };
		CC9582162E74E08CC5EF5C31 /* Pods-Kaynchi.debug.xcconfig */ = {isa = PBXFileReference; includeInIndex = 1; lastKnownFileType = text.xcconfig; name = "Pods-Kaynchi.debug.xcconfig"; path = "Target Support Files/Pods-Kaynchi/Pods-Kaynchi.debug.xcconfig"; sourceTree = "<group>"; };
		DC6D0F222F924BF88A4B4F31 /* DMSans-Italic.ttf */ = {isa = PBXFileReference; explicitFileType = undefined; fileEncoding = 9; includeInIndex = 0; lastKnownFileType = unknown; name = "DMSans-Italic.ttf"; path = "../src/assets/fonts/DMSans-Italic.ttf"; sourceTree = "<group>"; };
		EA40561C6B71461484C53D01 /* hk-grotesk.bold-italic.ttf */ = {isa = PBXFileReference; explicitFileType = undefined; fileEncoding = 9; includeInIndex = 0; lastKnownFileType = unknown; name = "hk-grotesk.bold-italic.ttf"; path = "../src/assets/fonts/hk-grotesk.bold-italic.ttf"; sourceTree = "<group>"; };
		ED297162215061F000B7C4FE /* JavaScriptCore.framework */ = {isa = PBXFileReference; lastKnownFileType = wrapper.framework; name = JavaScriptCore.framework; path = System/Library/Frameworks/JavaScriptCore.framework; sourceTree = SDKROOT; };
		F14A0633102240CEA77B519D /* Roboto-Italic.ttf */ = {isa = PBXFileReference; explicitFileType = undefined; fileEncoding = 9; includeInIndex = 0; lastKnownFileType = unknown; name = "Roboto-Italic.ttf"; path = "../src/assets/fonts/Roboto-Italic.ttf"; sourceTree = "<group>"; };
		FA02CDC4F2334F0F8C35D6F9 /* GOTHICI.TTF */ = {isa = PBXFileReference; explicitFileType = undefined; fileEncoding = 9; includeInIndex = 0; lastKnownFileType = unknown; name = GOTHICI.TTF; path = ../src/assets/fonts/GOTHICI.TTF; sourceTree = "<group>"; };
		FEFCEEC5BD8E467FAA07C3D5 /* Roboto-ThinItalic.ttf */ = {isa = PBXFileReference; explicitFileType = undefined; fileEncoding = 9; includeInIndex = 0; lastKnownFileType = unknown; name = "Roboto-ThinItalic.ttf"; path = "../src/assets/fonts/Roboto-ThinItalic.ttf"; sourceTree = "<group>"; };
		FFA9E59FA9C9458181A1367A /* Roboto-Black.ttf */ = {isa = PBXFileReference; explicitFileType = undefined; fileEncoding = 9; includeInIndex = 0; lastKnownFileType = unknown; name = "Roboto-Black.ttf"; path = "../src/assets/fonts/Roboto-Black.ttf"; sourceTree = "<group>"; };
/* End PBXFileReference section */

/* Begin PBXFrameworksBuildPhase section */
		00E356EB1AD99517003FC87E /* Frameworks */ = {
			isa = PBXFrameworksBuildPhase;
			buildActionMask = 2147483647;
			files = (
				2FCE451BAE2939A3871F6A4C /* libPods-Kaynchi-KaynchiTests.a in Frameworks */,
			);
			runOnlyForDeploymentPostprocessing = 0;
		};
		13B07F8C1A680F5B00A75B9A /* Frameworks */ = {
			isa = PBXFrameworksBuildPhase;
			buildActionMask = 2147483647;
			files = (
				7B7C6ABF7378F5A2A328AEC0 /* libPods-Kaynchi.a in Frameworks */,
			);
			runOnlyForDeploymentPostprocessing = 0;
		};
/* End PBXFrameworksBuildPhase section */

/* Begin PBXGroup section */
		00E356EF1AD99517003FC87E /* KaynchiTests */ = {
			isa = PBXGroup;
			children = (
				00E356F21AD99517003FC87E /* KaynchiTests.m */,
				00E356F01AD99517003FC87E /* Supporting Files */,
			);
			path = KaynchiTests;
			sourceTree = "<group>";
		};
		00E356F01AD99517003FC87E /* Supporting Files */ = {
			isa = PBXGroup;
			children = (
				00E356F11AD99517003FC87E /* Info.plist */,
			);
			name = "Supporting Files";
			sourceTree = "<group>";
		};
		13B07FAE1A68108700A75B9A /* Kaynchi */ = {
			isa = PBXGroup;
			children = (
				13B07FAF1A68108700A75B9A /* AppDelegate.h */,
				13B07FB01A68108700A75B9A /* AppDelegate.m */,
				13B07FB51A68108700A75B9A /* Images.xcassets */,
				13B07FB61A68108700A75B9A /* Info.plist */,
				81AB9BB72411601600AC10FF /* LaunchScreen.storyboard */,
				13B07FB71A68108700A75B9A /* main.m */,
			);
			name = Kaynchi;
			sourceTree = "<group>";
		};
		16C0476440D946E592D7F735 /* Resources */ = {
			isa = PBXGroup;
			children = (
				30F712D5453347BB8FB3395E /* Century Gothic.ttf */,
				7E75D10798004B55A4CB0029 /* CenturyGothic.ttf */,
				C58F2E6F76CE4BB28CC0B415 /* GOTHIC.TTF */,
				C0F45EB5D3674347B89C9408 /* GOTHICB.TTF */,
				6F01A802402749969C1C8D64 /* GOTHICB0.TTF */,
				3CC8AC882EBE42409E8C0908 /* GOTHICBI.TTF */,
				FA02CDC4F2334F0F8C35D6F9 /* GOTHICI.TTF */,
				EA40561C6B71461484C53D01 /* hk-grotesk.bold-italic.ttf */,
				C8DF408794B64F94873FEAD8 /* hk-grotesk.bold.ttf */,
				863C1A7C07304CDA88239A62 /* hk-grotesk.italic.ttf */,
				A17D26C1C7E14C758C07AA11 /* hk-grotesk.light-italic.ttf */,
				4EC71A3C04DD43CBB943E576 /* hk-grotesk.light.ttf */,
				5D02522E4D754D33B192519B /* hk-grotesk.medium-italic.ttf */,
				0559298A69C44B2FB31D3839 /* hk-grotesk.medium.ttf */,
				7C39106336EA4CFBBD0D2D94 /* hk-grotesk.regular.ttf */,
				23DB5A4E403448F9AB198DBA /* hk-grotesk.semibold-italic.ttf */,
				B458CCE310D4476891E724EB /* hk-grotesk.semibold.ttf */,
				FFA9E59FA9C9458181A1367A /* Roboto-Black.ttf */,
				BBCDF5203CF34F4E98041599 /* Roboto-BlackItalic.ttf */,
				0E75565D12094409A2E90506 /* Roboto-Bold.ttf */,
				360D3D2DF692486087568E88 /* Roboto-BoldItalic.ttf */,
				F14A0633102240CEA77B519D /* Roboto-Italic.ttf */,
				4F024F7EB5A040B9B523C2D4 /* Roboto-Light.ttf */,
				5770554714EB4028A964FCD6 /* Roboto-LightItalic.ttf */,
				C83D482146864C5AA075E2B3 /* Roboto-Medium.ttf */,
				6A9834A23B434B2FB19E47F8 /* Roboto-MediumItalic.ttf */,
				202D5F0FC1434EA28F1A7D41 /* Roboto-Regular.ttf */,
				89C9F0D00976475DB2238C64 /* Roboto-Thin.ttf */,
				FEFCEEC5BD8E467FAA07C3D5 /* Roboto-ThinItalic.ttf */,
				68BE5AC5CB0C42028AD8ADD1 /* DMSans-Bold.ttf */,
				55B43388267E4ABFACC9183C /* DMSans-BoldItalic.ttf */,
				DC6D0F222F924BF88A4B4F31 /* DMSans-Italic.ttf */,
				4AB6C141B86445E4B8670A8D /* DMSans-Medium.ttf */,
				AB3D4FDDC2AE49C48EBB190B /* DMSans-MediumItalic.ttf */,
				A37D54793AC64C7EAFDB58B9 /* DMSans-Regular.ttf */,
				6E5FB946FCA5427E942C6BE1 /* MyriadProRegular.ttf */,
				4BE010BCCB444B1F8C354E69 /* SEGOEUI.TTF */,
			);
			name = Resources;
			sourceTree = "<group>";
		};
		2D16E6871FA4F8E400B85C8A /* Frameworks */ = {
			isa = PBXGroup;
			children = (
				ED297162215061F000B7C4FE /* JavaScriptCore.framework */,
				1C2E2FFBC7B97F8A10D2BDEA /* libPods-Kaynchi.a */,
				4895486C51D9381A3E792B22 /* libPods-Kaynchi-KaynchiTests.a */,
			);
			name = Frameworks;
			sourceTree = "<group>";
		};
		832341AE1AAA6A7D00B99B32 /* Libraries */ = {
			isa = PBXGroup;
			children = (
			);
			name = Libraries;
			sourceTree = "<group>";
		};
		83CBB9F61A601CBA00E9B192 = {
			isa = PBXGroup;
			children = (
				13B07FAE1A68108700A75B9A /* Kaynchi */,
				832341AE1AAA6A7D00B99B32 /* Libraries */,
				00E356EF1AD99517003FC87E /* KaynchiTests */,
				83CBBA001A601CBA00E9B192 /* Products */,
				2D16E6871FA4F8E400B85C8A /* Frameworks */,
				16C0476440D946E592D7F735 /* Resources */,
				F28EADDAD4F26A49A9810540 /* Pods */,
			);
			indentWidth = 2;
			sourceTree = "<group>";
			tabWidth = 2;
			usesTabs = 0;
		};
		83CBBA001A601CBA00E9B192 /* Products */ = {
			isa = PBXGroup;
			children = (
				13B07F961A680F5B00A75B9A /* Kaynchi.app */,
				00E356EE1AD99517003FC87E /* KaynchiTests.xctest */,
			);
			name = Products;
			sourceTree = "<group>";
		};
		F28EADDAD4F26A49A9810540 /* Pods */ = {
			isa = PBXGroup;
			children = (
				CC9582162E74E08CC5EF5C31 /* Pods-Kaynchi.debug.xcconfig */,
				051303A131D1BCD2EF71E4E9 /* Pods-Kaynchi.release.xcconfig */,
				A410F15914544F58A69352F2 /* Pods-Kaynchi-KaynchiTests.debug.xcconfig */,
				156CB708029E5B6D5DF04DB0 /* Pods-Kaynchi-KaynchiTests.release.xcconfig */,
			);
			path = Pods;
			sourceTree = "<group>";
		};
/* End PBXGroup section */

/* Begin PBXNativeTarget section */
		00E356ED1AD99517003FC87E /* KaynchiTests */ = {
			isa = PBXNativeTarget;
			buildConfigurationList = 00E357021AD99517003FC87E /* Build configuration list for PBXNativeTarget "KaynchiTests" */;
			buildPhases = (
				BFFA9F655AA51FE985247E32 /* [CP] Check Pods Manifest.lock */,
				00E356EA1AD99517003FC87E /* Sources */,
				00E356EB1AD99517003FC87E /* Frameworks */,
				00E356EC1AD99517003FC87E /* Resources */,
				5ED9DF68A55E0AF146E27C3F /* [CP] Embed Pods Frameworks */,
				D9D5A31F2FC4EEDBA2896CD9 /* [CP] Copy Pods Resources */,
			);
			buildRules = (
			);
			dependencies = (
				00E356F51AD99517003FC87E /* PBXTargetDependency */,
			);
			name = KaynchiTests;
			productName = KaynchiTests;
			productReference = 00E356EE1AD99517003FC87E /* KaynchiTests.xctest */;
			productType = "com.apple.product-type.bundle.unit-test";
		};
		13B07F861A680F5B00A75B9A /* Kaynchi */ = {
			isa = PBXNativeTarget;
			buildConfigurationList = 13B07F931A680F5B00A75B9A /* Build configuration list for PBXNativeTarget "Kaynchi" */;
			buildPhases = (
				8668EA621A8A08C95F798716 /* [CP] Check Pods Manifest.lock */,
				FD10A7F022414F080027D42C /* Start Packager */,
				13B07F871A680F5B00A75B9A /* Sources */,
				13B07F8C1A680F5B00A75B9A /* Frameworks */,
				13B07F8E1A680F5B00A75B9A /* Resources */,
				00DD1BFF1BD5951E006B06BC /* Bundle React Native code and images */,
				B942A62844AFE6273DE7D4D3 /* [CP] Embed Pods Frameworks */,
				DA550C3C1D5F0D721CB50CB4 /* [CP] Copy Pods Resources */,
			);
			buildRules = (
			);
			dependencies = (
			);
			name = Kaynchi;
			productName = Kaynchi;
			productReference = 13B07F961A680F5B00A75B9A /* Kaynchi.app */;
			productType = "com.apple.product-type.application";
		};
/* End PBXNativeTarget section */

/* Begin PBXProject section */
		83CBB9F71A601CBA00E9B192 /* Project object */ = {
			isa = PBXProject;
			attributes = {
				LastUpgradeCheck = 1210;
				TargetAttributes = {
					00E356ED1AD99517003FC87E = {
						CreatedOnToolsVersion = 6.2;
						TestTargetID = 13B07F861A680F5B00A75B9A;
					};
					13B07F861A680F5B00A75B9A = {
						LastSwiftMigration = 1120;
					};
				};
			};
			buildConfigurationList = 83CBB9FA1A601CBA00E9B192 /* Build configuration list for PBXProject "Kaynchi" */;
			compatibilityVersion = "Xcode 12.0";
			developmentRegion = en;
			hasScannedForEncodings = 0;
			knownRegions = (
				en,
				Base,
			);
			mainGroup = 83CBB9F61A601CBA00E9B192;
			productRefGroup = 83CBBA001A601CBA00E9B192 /* Products */;
			projectDirPath = "";
			projectRoot = "";
			targets = (
				13B07F861A680F5B00A75B9A /* Kaynchi */,
				00E356ED1AD99517003FC87E /* KaynchiTests */,
			);
		};
/* End PBXProject section */

/* Begin PBXResourcesBuildPhase section */
		00E356EC1AD99517003FC87E /* Resources */ = {
			isa = PBXResourcesBuildPhase;
			buildActionMask = 2147483647;
			files = (
			);
			runOnlyForDeploymentPostprocessing = 0;
		};
		13B07F8E1A680F5B00A75B9A /* Resources */ = {
			isa = PBXResourcesBuildPhase;
			buildActionMask = 2147483647;
			files = (
				81AB9BB82411601600AC10FF /* LaunchScreen.storyboard in Resources */,
				13B07FBF1A68108700A75B9A /* Images.xcassets in Resources */,
				EC35AB13F9C44D9CA2F89B68 /* Century Gothic.ttf in Resources */,
				3058C1C2AD3A46DD967EF37B /* CenturyGothic.ttf in Resources */,
				0724DFD3549F4D8B8610A108 /* GOTHIC.TTF in Resources */,
				CBC1214F21E54A2A9C361E73 /* GOTHICB.TTF in Resources */,
				7463FDA20B1443F1B04ABA40 /* GOTHICB0.TTF in Resources */,
				207F37984B16408A844AF844 /* GOTHICBI.TTF in Resources */,
				F55D22FD44324BB4AFC53742 /* GOTHICI.TTF in Resources */,
				4F5103D49D8A46D8BB9E4C4E /* hk-grotesk.bold-italic.ttf in Resources */,
				1A1D2013327F420FBCB68271 /* hk-grotesk.bold.ttf in Resources */,
				358347C9C7A5446187DCF3F1 /* hk-grotesk.italic.ttf in Resources */,
				67346CC42EC74861A55C91D3 /* hk-grotesk.light-italic.ttf in Resources */,
				B93466A24BAD49059AEF1937 /* hk-grotesk.light.ttf in Resources */,
				B011BD16563541C98E1A42F0 /* hk-grotesk.medium-italic.ttf in Resources */,
				09B36B295C13480D92AD6D56 /* hk-grotesk.medium.ttf in Resources */,
				4B18939507A6450ABA69E8AD /* hk-grotesk.regular.ttf in Resources */,
				C1C9AE7EA1EC4D62BF46CC52 /* hk-grotesk.semibold-italic.ttf in Resources */,
				14F6A49B52194D9B80E59DDC /* hk-grotesk.semibold.ttf in Resources */,
				3A082853C42C4348BD6F933D /* Roboto-Black.ttf in Resources */,
				0FED899B048D43A7BE9E1F2F /* Roboto-BlackItalic.ttf in Resources */,
				BD5ACE3B7ECB488EA4EEE840 /* Roboto-Bold.ttf in Resources */,
				E64062FD3A4A41E7B2BCE1C7 /* Roboto-BoldItalic.ttf in Resources */,
				BF17CFC88F994699BDD174EC /* Roboto-Italic.ttf in Resources */,
				610EA5FF795E4FDCAE8EA9ED /* Roboto-Light.ttf in Resources */,
				537CAE0511B84F54BECE0679 /* Roboto-LightItalic.ttf in Resources */,
				24F521A64B074517858EC5EE /* Roboto-Medium.ttf in Resources */,
				A20B5C07402D4DA1B22378DD /* Roboto-MediumItalic.ttf in Resources */,
				C22238477EBA4B85BB8D47D9 /* Roboto-Regular.ttf in Resources */,
				338477C5A7C143978808AD63 /* Roboto-Thin.ttf in Resources */,
				773B5B43FF02468B985A5EBC /* Roboto-ThinItalic.ttf in Resources */,
				D8A20FAB4CEB4DA486AF0603 /* DMSans-Bold.ttf in Resources */,
				2AB252EB3EE549B4851B49F9 /* DMSans-BoldItalic.ttf in Resources */,
				E5336DDDEACB417E891ED9D0 /* DMSans-Italic.ttf in Resources */,
				8F8EF42EE68646D2A9B57126 /* DMSans-Medium.ttf in Resources */,
				2F8013B7032542EA9C807438 /* DMSans-MediumItalic.ttf in Resources */,
				0E2C3958DFA14232A36EBF6C /* DMSans-Regular.ttf in Resources */,
				56226059CF5E425EAC529B38 /* MyriadProRegular.ttf in Resources */,
				5E98FA187A99414E9B581090 /* SEGOEUI.TTF in Resources */,
			);
			runOnlyForDeploymentPostprocessing = 0;
		};
/* End PBXResourcesBuildPhase section */

/* Begin PBXShellScriptBuildPhase section */
		00DD1BFF1BD5951E006B06BC /* Bundle React Native code and images */ = {
			isa = PBXShellScriptBuildPhase;
			buildActionMask = 2147483647;
			files = (
			);
			inputPaths = (
			);
			name = "Bundle React Native code and images";
			outputPaths = (
			);
			runOnlyForDeploymentPostprocessing = 0;
			shellPath = /bin/sh;
			shellScript = "set -e\n\nexport NODE_BINARY=node\n../node_modules/react-native/scripts/react-native-xcode.sh\n";
		};
		5ED9DF68A55E0AF146E27C3F /* [CP] Embed Pods Frameworks */ = {
			isa = PBXShellScriptBuildPhase;
			buildActionMask = 2147483647;
			files = (
			);
			inputFileListPaths = (
				"${PODS_ROOT}/Target Support Files/Pods-Kaynchi-KaynchiTests/Pods-Kaynchi-KaynchiTests-frameworks-${CONFIGURATION}-input-files.xcfilelist",
			);
			name = "[CP] Embed Pods Frameworks";
			outputFileListPaths = (
				"${PODS_ROOT}/Target Support Files/Pods-Kaynchi-KaynchiTests/Pods-Kaynchi-KaynchiTests-frameworks-${CONFIGURATION}-output-files.xcfilelist",
			);
			runOnlyForDeploymentPostprocessing = 0;
			shellPath = /bin/sh;
			shellScript = "\"${PODS_ROOT}/Target Support Files/Pods-Kaynchi-KaynchiTests/Pods-Kaynchi-KaynchiTests-frameworks.sh\"\n";
			showEnvVarsInLog = 0;
		};
		8668EA621A8A08C95F798716 /* [CP] Check Pods Manifest.lock */ = {
			isa = PBXShellScriptBuildPhase;
			buildActionMask = 2147483647;
			files = (
			);
			inputFileListPaths = (
			);
			inputPaths = (
				"${PODS_PODFILE_DIR_PATH}/Podfile.lock",
				"${PODS_ROOT}/Manifest.lock",
			);
			name = "[CP] Check Pods Manifest.lock";
			outputFileListPaths = (
			);
			outputPaths = (
				"$(DERIVED_FILE_DIR)/Pods-Kaynchi-checkManifestLockResult.txt",
			);
			runOnlyForDeploymentPostprocessing = 0;
			shellPath = /bin/sh;
			shellScript = "diff \"${PODS_PODFILE_DIR_PATH}/Podfile.lock\" \"${PODS_ROOT}/Manifest.lock\" > /dev/null\nif [ $? != 0 ] ; then\n    # print error to STDERR\n    echo \"error: The sandbox is not in sync with the Podfile.lock. Run 'pod install' or update your CocoaPods installation.\" >&2\n    exit 1\nfi\n# This output is used by Xcode 'outputs' to avoid re-running this script phase.\necho \"SUCCESS\" > \"${SCRIPT_OUTPUT_FILE_0}\"\n";
			showEnvVarsInLog = 0;
		};
		B942A62844AFE6273DE7D4D3 /* [CP] Embed Pods Frameworks */ = {
			isa = PBXShellScriptBuildPhase;
			buildActionMask = 2147483647;
			files = (
			);
			inputFileListPaths = (
				"${PODS_ROOT}/Target Support Files/Pods-Kaynchi/Pods-Kaynchi-frameworks-${CONFIGURATION}-input-files.xcfilelist",
			);
			name = "[CP] Embed Pods Frameworks";
			outputFileListPaths = (
				"${PODS_ROOT}/Target Support Files/Pods-Kaynchi/Pods-Kaynchi-frameworks-${CONFIGURATION}-output-files.xcfilelist",
			);
			runOnlyForDeploymentPostprocessing = 0;
			shellPath = /bin/sh;
			shellScript = "\"${PODS_ROOT}/Target Support Files/Pods-Kaynchi/Pods-Kaynchi-frameworks.sh\"\n";
			showEnvVarsInLog = 0;
		};
		BFFA9F655AA51FE985247E32 /* [CP] Check Pods Manifest.lock */ = {
			isa = PBXShellScriptBuildPhase;
			buildActionMask = 2147483647;
			files = (
			);
			inputFileListPaths = (
			);
			inputPaths = (
				"${PODS_PODFILE_DIR_PATH}/Podfile.lock",
				"${PODS_ROOT}/Manifest.lock",
			);
			name = "[CP] Check Pods Manifest.lock";
			outputFileListPaths = (
			);
			outputPaths = (
				"$(DERIVED_FILE_DIR)/Pods-Kaynchi-KaynchiTests-checkManifestLockResult.txt",
			);
			runOnlyForDeploymentPostprocessing = 0;
			shellPath = /bin/sh;
			shellScript = "diff \"${PODS_PODFILE_DIR_PATH}/Podfile.lock\" \"${PODS_ROOT}/Manifest.lock\" > /dev/null\nif [ $? != 0 ] ; then\n    # print error to STDERR\n    echo \"error: The sandbox is not in sync with the Podfile.lock. Run 'pod install' or update your CocoaPods installation.\" >&2\n    exit 1\nfi\n# This output is used by Xcode 'outputs' to avoid re-running this script phase.\necho \"SUCCESS\" > \"${SCRIPT_OUTPUT_FILE_0}\"\n";
			showEnvVarsInLog = 0;
		};
		D9D5A31F2FC4EEDBA2896CD9 /* [CP] Copy Pods Resources */ = {
			isa = PBXShellScriptBuildPhase;
			buildActionMask = 2147483647;
			files = (
			);
			inputFileListPaths = (
				"${PODS_ROOT}/Target Support Files/Pods-Kaynchi-KaynchiTests/Pods-Kaynchi-KaynchiTests-resources-${CONFIGURATION}-input-files.xcfilelist",
			);
			name = "[CP] Copy Pods Resources";
			outputFileListPaths = (
				"${PODS_ROOT}/Target Support Files/Pods-Kaynchi-KaynchiTests/Pods-Kaynchi-KaynchiTests-resources-${CONFIGURATION}-output-files.xcfilelist",
			);
			runOnlyForDeploymentPostprocessing = 0;
			shellPath = /bin/sh;
			shellScript = "\"${PODS_ROOT}/Target Support Files/Pods-Kaynchi-KaynchiTests/Pods-Kaynchi-KaynchiTests-resources.sh\"\n";
			showEnvVarsInLog = 0;
		};
		DA550C3C1D5F0D721CB50CB4 /* [CP] Copy Pods Resources */ = {
			isa = PBXShellScriptBuildPhase;
			buildActionMask = 2147483647;
			files = (
			);
			inputFileListPaths = (
				"${PODS_ROOT}/Target Support Files/Pods-Kaynchi/Pods-Kaynchi-resources-${CONFIGURATION}-input-files.xcfilelist",
			);
			name = "[CP] Copy Pods Resources";
			outputFileListPaths = (
				"${PODS_ROOT}/Target Support Files/Pods-Kaynchi/Pods-Kaynchi-resources-${CONFIGURATION}-output-files.xcfilelist",
			);
			runOnlyForDeploymentPostprocessing = 0;
			shellPath = /bin/sh;
			shellScript = "\"${PODS_ROOT}/Target Support Files/Pods-Kaynchi/Pods-Kaynchi-resources.sh\"\n";
			showEnvVarsInLog = 0;
		};
		FD10A7F022414F080027D42C /* Start Packager */ = {
			isa = PBXShellScriptBuildPhase;
			buildActionMask = 2147483647;
			files = (
			);
			inputFileListPaths = (
			);
			inputPaths = (
			);
			name = "Start Packager";
			outputFileListPaths = (
			);
			outputPaths = (
			);
			runOnlyForDeploymentPostprocessing = 0;
			shellPath = /bin/sh;
			shellScript = "export RCT_METRO_PORT=\"${RCT_METRO_PORT:=8081}\"\necho \"export RCT_METRO_PORT=${RCT_METRO_PORT}\" > \"${SRCROOT}/../node_modules/react-native/scripts/.packager.env\"\nif [ -z \"${RCT_NO_LAUNCH_PACKAGER+xxx}\" ] ; then\n  if nc -w 5 -z localhost ${RCT_METRO_PORT} ; then\n    if ! curl -s \"http://localhost:${RCT_METRO_PORT}/status\" | grep -q \"packager-status:running\" ; then\n      echo \"Port ${RCT_METRO_PORT} already in use, packager is either not running or not running correctly\"\n      exit 2\n    fi\n  else\n    open \"$SRCROOT/../node_modules/react-native/scripts/launchPackager.command\" || echo \"Can't start packager automatically\"\n  fi\nfi\n";
			showEnvVarsInLog = 0;
		};
/* End PBXShellScriptBuildPhase section */

/* Begin PBXSourcesBuildPhase section */
		00E356EA1AD99517003FC87E /* Sources */ = {
			isa = PBXSourcesBuildPhase;
			buildActionMask = 2147483647;
			files = (
				00E356F31AD99517003FC87E /* KaynchiTests.m in Sources */,
			);
			runOnlyForDeploymentPostprocessing = 0;
		};
		13B07F871A680F5B00A75B9A /* Sources */ = {
			isa = PBXSourcesBuildPhase;
			buildActionMask = 2147483647;
			files = (
				13B07FBC1A68108700A75B9A /* AppDelegate.m in Sources */,
				13B07FC11A68108700A75B9A /* main.m in Sources */,
			);
			runOnlyForDeploymentPostprocessing = 0;
		};
/* End PBXSourcesBuildPhase section */

/* Begin PBXTargetDependency section */
		00E356F51AD99517003FC87E /* PBXTargetDependency */ = {
			isa = PBXTargetDependency;
			target = 13B07F861A680F5B00A75B9A /* Kaynchi */;
			targetProxy = 00E356F41AD99517003FC87E /* PBXContainerItemProxy */;
		};
/* End PBXTargetDependency section */

/* Begin XCBuildConfiguration section */
		00E356F61AD99517003FC87E /* Debug */ = {
			isa = XCBuildConfiguration;
			baseConfigurationReference = A410F15914544F58A69352F2 /* Pods-Kaynchi-KaynchiTests.debug.xcconfig */;
			buildSettings = {
				BUNDLE_LOADER = "$(TEST_HOST)";
				GCC_PREPROCESSOR_DEFINITIONS = (
					"DEBUG=1",
					"$(inherited)",
				);
				INFOPLIST_FILE = KaynchiTests/Info.plist;
				IPHONEOS_DEPLOYMENT_TARGET = 11.0;
				LD_RUNPATH_SEARCH_PATHS = (
					"$(inherited)",
					"@executable_path/Frameworks",
					"@loader_path/Frameworks",
				);
				OTHER_LDFLAGS = (
					"-ObjC",
					"-lc++",
					"$(inherited)",
				);
				PRODUCT_BUNDLE_IDENTIFIER = "org.reactjs.native.example.$(PRODUCT_NAME:rfc1034identifier)";
				PRODUCT_NAME = "$(TARGET_NAME)";
				TEST_HOST = "$(BUILT_PRODUCTS_DIR)/Kaynchi.app/Kaynchi";
			};
			name = Debug;
		};
		00E356F71AD99517003FC87E /* Release */ = {
			isa = XCBuildConfiguration;
			baseConfigurationReference = 156CB708029E5B6D5DF04DB0 /* Pods-Kaynchi-KaynchiTests.release.xcconfig */;
			buildSettings = {
				BUNDLE_LOADER = "$(TEST_HOST)";
				COPY_PHASE_STRIP = NO;
				INFOPLIST_FILE = KaynchiTests/Info.plist;
				IPHONEOS_DEPLOYMENT_TARGET = 11.0;
				LD_RUNPATH_SEARCH_PATHS = (
					"$(inherited)",
					"@executable_path/Frameworks",
					"@loader_path/Frameworks",
				);
				OTHER_LDFLAGS = (
					"-ObjC",
					"-lc++",
					"$(inherited)",
				);
				PRODUCT_BUNDLE_IDENTIFIER = "org.reactjs.native.example.$(PRODUCT_NAME:rfc1034identifier)";
				PRODUCT_NAME = "$(TARGET_NAME)";
				TEST_HOST = "$(BUILT_PRODUCTS_DIR)/Kaynchi.app/Kaynchi";
			};
			name = Release;
		};
		13B07F941A680F5B00A75B9A /* Debug */ = {
			isa = XCBuildConfiguration;
			baseConfigurationReference = CC9582162E74E08CC5EF5C31 /* Pods-Kaynchi.debug.xcconfig */;
			buildSettings = {
				ASSETCATALOG_COMPILER_APPICON_NAME = AppIcon;
				CLANG_ENABLE_MODULES = YES;
				CURRENT_PROJECT_VERSION = 1;
				ENABLE_BITCODE = NO;
				INFOPLIST_FILE = Kaynchi/Info.plist;
				LD_RUNPATH_SEARCH_PATHS = (
					"$(inherited)",
					"@executable_path/Frameworks",
				);
				OTHER_LDFLAGS = (
					"$(inherited)",
					"-ObjC",
					"-lc++",
				);
				PRODUCT_BUNDLE_IDENTIFIER = "org.reactjs.native.example.$(PRODUCT_NAME:rfc1034identifier)";
				PRODUCT_NAME = Kaynchi;
				SWIFT_OPTIMIZATION_LEVEL = "-Onone";
				SWIFT_VERSION = 5.0;
				VERSIONING_SYSTEM = "apple-generic";
			};
			name = Debug;
		};
		13B07F951A680F5B00A75B9A /* Release */ = {
			isa = XCBuildConfiguration;
			baseConfigurationReference = 051303A131D1BCD2EF71E4E9 /* Pods-Kaynchi.release.xcconfig */;
			buildSettings = {
				ASSETCATALOG_COMPILER_APPICON_NAME = AppIcon;
				CLANG_ENABLE_MODULES = YES;
				CURRENT_PROJECT_VERSION = 1;
				INFOPLIST_FILE = Kaynchi/Info.plist;
				LD_RUNPATH_SEARCH_PATHS = (
					"$(inherited)",
					"@executable_path/Frameworks",
				);
				OTHER_LDFLAGS = (
					"$(inherited)",
					"-ObjC",
					"-lc++",
				);
				PRODUCT_BUNDLE_IDENTIFIER = "org.reactjs.native.example.$(PRODUCT_NAME:rfc1034identifier)";
				PRODUCT_NAME = Kaynchi;
				SWIFT_VERSION = 5.0;
				VERSIONING_SYSTEM = "apple-generic";
			};
			name = Release;
		};
		83CBBA201A601CBA00E9B192 /* Debug */ = {
			isa = XCBuildConfiguration;
			buildSettings = {
				ALWAYS_SEARCH_USER_PATHS = NO;
				CLANG_ANALYZER_LOCALIZABILITY_NONLOCALIZED = YES;
				CLANG_CXX_LANGUAGE_STANDARD = "gnu++0x";
				CLANG_CXX_LIBRARY = "libc++";
				CLANG_ENABLE_MODULES = YES;
				CLANG_ENABLE_OBJC_ARC = YES;
				CLANG_WARN_BLOCK_CAPTURE_AUTORELEASING = YES;
				CLANG_WARN_BOOL_CONVERSION = YES;
				CLANG_WARN_COMMA = YES;
				CLANG_WARN_CONSTANT_CONVERSION = YES;
				CLANG_WARN_DEPRECATED_OBJC_IMPLEMENTATIONS = YES;
				CLANG_WARN_DIRECT_OBJC_ISA_USAGE = YES_ERROR;
				CLANG_WARN_EMPTY_BODY = YES;
				CLANG_WARN_ENUM_CONVERSION = YES;
				CLANG_WARN_INFINITE_RECURSION = YES;
				CLANG_WARN_INT_CONVERSION = YES;
				CLANG_WARN_NON_LITERAL_NULL_CONVERSION = YES;
				CLANG_WARN_OBJC_IMPLICIT_RETAIN_SELF = YES;
				CLANG_WARN_OBJC_LITERAL_CONVERSION = YES;
				CLANG_WARN_OBJC_ROOT_CLASS = YES_ERROR;
				CLANG_WARN_QUOTED_INCLUDE_IN_FRAMEWORK_HEADER = YES;
				CLANG_WARN_RANGE_LOOP_ANALYSIS = YES;
				CLANG_WARN_STRICT_PROTOTYPES = YES;
				CLANG_WARN_SUSPICIOUS_MOVE = YES;
				CLANG_WARN_UNREACHABLE_CODE = YES;
				CLANG_WARN__DUPLICATE_METHOD_MATCH = YES;
				"CODE_SIGN_IDENTITY[sdk=iphoneos*]" = "iPhone Developer";
				COPY_PHASE_STRIP = NO;
				ENABLE_STRICT_OBJC_MSGSEND = YES;
				ENABLE_TESTABILITY = YES;
				"EXCLUDED_ARCHS[sdk=iphonesimulator*]" = "";
				GCC_C_LANGUAGE_STANDARD = gnu99;
				GCC_DYNAMIC_NO_PIC = NO;
				GCC_NO_COMMON_BLOCKS = YES;
				GCC_OPTIMIZATION_LEVEL = 0;
				GCC_PREPROCESSOR_DEFINITIONS = (
					"DEBUG=1",
					"$(inherited)",
				);
				GCC_SYMBOLS_PRIVATE_EXTERN = NO;
				GCC_WARN_64_TO_32_BIT_CONVERSION = YES;
				GCC_WARN_ABOUT_RETURN_TYPE = YES_ERROR;
				GCC_WARN_UNDECLARED_SELECTOR = YES;
				GCC_WARN_UNINITIALIZED_AUTOS = YES_AGGRESSIVE;
				GCC_WARN_UNUSED_FUNCTION = YES;
				GCC_WARN_UNUSED_VARIABLE = YES;
				IPHONEOS_DEPLOYMENT_TARGET = 11.0;
				LD_RUNPATH_SEARCH_PATHS = (
					/usr/lib/swift,
					"$(inherited)",
				);
				LIBRARY_SEARCH_PATHS = (
					"\"$(SDKROOT)/usr/lib/swift\"",
					"\"$(TOOLCHAIN_DIR)/usr/lib/swift/$(PLATFORM_NAME)\"",
					"\"$(inherited)\"",
				);
				MTL_ENABLE_DEBUG_INFO = YES;
				ONLY_ACTIVE_ARCH = YES;
				SDKROOT = iphoneos;
			};
			name = Debug;
		};
		83CBBA211A601CBA00E9B192 /* Release */ = {
			isa = XCBuildConfiguration;
			buildSettings = {
				ALWAYS_SEARCH_USER_PATHS = NO;
				CLANG_ANALYZER_LOCALIZABILITY_NONLOCALIZED = YES;
				CLANG_CXX_LANGUAGE_STANDARD = "gnu++0x";
				CLANG_CXX_LIBRARY = "libc++";
				CLANG_ENABLE_MODULES = YES;
				CLANG_ENABLE_OBJC_ARC = YES;
				CLANG_WARN_BLOCK_CAPTURE_AUTORELEASING = YES;
				CLANG_WARN_BOOL_CONVERSION = YES;
				CLANG_WARN_COMMA = YES;
				CLANG_WARN_CONSTANT_CONVERSION = YES;
				CLANG_WARN_DEPRECATED_OBJC_IMPLEMENTATIONS = YES;
				CLANG_WARN_DIRECT_OBJC_ISA_USAGE = YES_ERROR;
				CLANG_WARN_EMPTY_BODY = YES;
				CLANG_WARN_ENUM_CONVERSION = YES;
				CLANG_WARN_INFINITE_RECURSION = YES;
				CLANG_WARN_INT_CONVERSION = YES;
				CLANG_WARN_NON_LITERAL_NULL_CONVERSION = YES;
				CLANG_WARN_OBJC_IMPLICIT_RETAIN_SELF = YES;
				CLANG_WARN_OBJC_LITERAL_CONVERSION = YES;
				CLANG_WARN_OBJC_ROOT_CLASS = YES_ERROR;
				CLANG_WARN_QUOTED_INCLUDE_IN_FRAMEWORK_HEADER = YES;
				CLANG_WARN_RANGE_LOOP_ANALYSIS = YES;
				CLANG_WARN_STRICT_PROTOTYPES = YES;
				CLANG_WARN_SUSPICIOUS_MOVE = YES;
				CLANG_WARN_UNREACHABLE_CODE = YES;
				CLANG_WARN__DUPLICATE_METHOD_MATCH = YES;
				"CODE_SIGN_IDENTITY[sdk=iphoneos*]" = "iPhone Developer";
				COPY_PHASE_STRIP = YES;
				ENABLE_NS_ASSERTIONS = NO;
				ENABLE_STRICT_OBJC_MSGSEND = YES;
				"EXCLUDED_ARCHS[sdk=iphonesimulator*]" = "";
				GCC_C_LANGUAGE_STANDARD = gnu99;
				GCC_NO_COMMON_BLOCKS = YES;
				GCC_WARN_64_TO_32_BIT_CONVERSION = YES;
				GCC_WARN_ABOUT_RETURN_TYPE = YES_ERROR;
				GCC_WARN_UNDECLARED_SELECTOR = YES;
				GCC_WARN_UNINITIALIZED_AUTOS = YES_AGGRESSIVE;
				GCC_WARN_UNUSED_FUNCTION = YES;
				GCC_WARN_UNUSED_VARIABLE = YES;
				IPHONEOS_DEPLOYMENT_TARGET = 11.0;
				LD_RUNPATH_SEARCH_PATHS = (
					/usr/lib/swift,
					"$(inherited)",
				);
				LIBRARY_SEARCH_PATHS = (
					"\"$(SDKROOT)/usr/lib/swift\"",
					"\"$(TOOLCHAIN_DIR)/usr/lib/swift/$(PLATFORM_NAME)\"",
					"\"$(inherited)\"",
				);
				MTL_ENABLE_DEBUG_INFO = NO;
				SDKROOT = iphoneos;
				VALIDATE_PRODUCT = YES;
			};
			name = Release;
		};
/* End XCBuildConfiguration section */

/* Begin XCConfigurationList section */
		00E357021AD99517003FC87E /* Build configuration list for PBXNativeTarget "KaynchiTests" */ = {
			isa = XCConfigurationList;
			buildConfigurations = (
				00E356F61AD99517003FC87E /* Debug */,
				00E356F71AD99517003FC87E /* Release */,
			);
			defaultConfigurationIsVisible = 0;
			defaultConfigurationName = Release;
		};
		13B07F931A680F5B00A75B9A /* Build configuration list for PBXNativeTarget "Kaynchi" */ = {
			isa = XCConfigurationList;
			buildConfigurations = (
				13B07F941A680F5B00A75B9A /* Debug */,
				13B07F951A680F5B00A75B9A /* Release */,
			);
			defaultConfigurationIsVisible = 0;
			defaultConfigurationName = Release;
		};
		83CBB9FA1A601CBA00E9B192 /* Build configuration list for PBXProject "Kaynchi" */ = {
			isa = XCConfigurationList;
			buildConfigurations = (
				83CBBA201A601CBA00E9B192 /* Debug */,
				83CBBA211A601CBA00E9B192 /* Release */,
			);
			defaultConfigurationIsVisible = 0;
			defaultConfigurationName = Release;
		};
/* End XCConfigurationList section */
	};
	rootObject = 83CBB9F71A601CBA00E9B192 /* Project object */;
}
